{
  "name": "cmtest",
  "version": "1.0.0",
  "lockfileVersion": 1,
  "requires": true,
  "dependencies": {
    "codemirror": {
      "version": "5.48.2",
      "resolved": "https://registry.npmjs.org/codemirror/-/codemirror-5.48.2.tgz",
      "integrity": "sha512-i9VsmC8AfA5ji6EDIZ+aoSe4vt9FcwPLdHB1k1ItFbVyuOFRrcfvnoKqwZlC7EVA2UmTRiNEypE4Uo7YvzVY8Q=="
    }
  }
}
